
Microsoft Visual Studio Solution File, Format Version 12.00
# Visual Studio Version 17
VisualStudioVersion = 17.0.31903.59
MinimumVisualStudioVersion = 10.0.40219.1
Project("{2150E333-8FDC-42A3-9474-1A3956D46DE8}") = "libraries", "libraries", "{84300F7B-62D9-49BF-980D-3DB18F1A9A60}"
EndProject
Project("{FAE04EC0-301F-11D3-BF4B-00C04F79EFBC}") = "GameCore", "libraries\GameCore\GameCore.csproj", "{74B246F8-8A0A-4974-8DE9-0CBB11FA35A5}"
EndProject
Project("{FAE04EC0-301F-11D3-BF4B-00C04F79EFBC}") = "websocket-sharp", "libraries\websocket-sharp\websocket-sharp.csproj", "{3DCC660A-F3AB-4ED7-8542-C9E5A6B03AD5}"
EndProject
Project("{2150E333-8FDC-42A3-9474-1A3956D46DE8}") = "executer", "executer", "{F1051BFB-0F5A-427B-B294-2092A84005F7}"
EndProject
Project("{FAE04EC0-301F-11D3-BF4B-00C04F79EFBC}") = "GameServer", "executer\GameServer\GameServer.csproj", "{650DDF61-F67F-405B-AC17-817BA260384E}"
EndProject
Global
	GlobalSection(SolutionConfigurationPlatforms) = preSolution
		Debug|Any CPU = Debug|Any CPU
		Release|Any CPU = Release|Any CPU
	EndGlobalSection
	GlobalSection(SolutionProperties) = preSolution
		HideSolutionNode = FALSE
	EndGlobalSection
	GlobalSection(ProjectConfigurationPlatforms) = postSolution
		{74B246F8-8A0A-4974-8DE9-0CBB11FA35A5}.Debug|Any CPU.ActiveCfg = Debug|Any CPU
		{74B246F8-8A0A-4974-8DE9-0CBB11FA35A5}.Debug|Any CPU.Build.0 = Debug|Any CPU
		{74B246F8-8A0A-4974-8DE9-0CBB11FA35A5}.Release|Any CPU.ActiveCfg = Release|Any CPU
		{74B246F8-8A0A-4974-8DE9-0CBB11FA35A5}.Release|Any CPU.Build.0 = Release|Any CPU
		{3DCC660A-F3AB-4ED7-8542-C9E5A6B03AD5}.Debug|Any CPU.ActiveCfg = Debug|Any CPU
		{3DCC660A-F3AB-4ED7-8542-C9E5A6B03AD5}.Debug|Any CPU.Build.0 = Debug|Any CPU
		{3DCC660A-F3AB-4ED7-8542-C9E5A6B03AD5}.Release|Any CPU.ActiveCfg = Release|Any CPU
		{3DCC660A-F3AB-4ED7-8542-C9E5A6B03AD5}.Release|Any CPU.Build.0 = Release|Any CPU
		{650DDF61-F67F-405B-AC17-817BA260384E}.Debug|Any CPU.ActiveCfg = Debug|Any CPU
		{650DDF61-F67F-405B-AC17-817BA260384E}.Debug|Any CPU.Build.0 = Debug|Any CPU
		{650DDF61-F67F-405B-AC17-817BA260384E}.Release|Any CPU.ActiveCfg = Release|Any CPU
		{650DDF61-F67F-405B-AC17-817BA260384E}.Release|Any CPU.Build.0 = Release|Any CPU
	EndGlobalSection
	GlobalSection(NestedProjects) = preSolution
		{74B246F8-8A0A-4974-8DE9-0CBB11FA35A5} = {84300F7B-62D9-49BF-980D-3DB18F1A9A60}
		{650DDF61-F67F-405B-AC17-817BA260384E} = {F1051BFB-0F5A-427B-B294-2092A84005F7}
		{3DCC660A-F3AB-4ED7-8542-C9E5A6B03AD5} = {84300F7B-62D9-49BF-980D-3DB18F1A9A60}
	EndGlobalSection
EndGlobal
